# THIS IS AN AUTOGENERATED FILE. DO NOT EDIT THIS FILE DIRECTLY.
# yarn lockfile v1


jose@^5.2.1:
  version "5.2.1"
  resolved "https://registry.yarnpkg.com/jose/-/jose-5.2.1.tgz#ec3befe173896e592e2d9ef5f267d061ffb203c5"
  integrity sha512-qiaQhtQRw6YrOaOj0v59h3R6hUY9NvxBmmnMfKemkqYmBB0tEc97NbLP7ix44VP5p9/0YHG8Vyhzuo5YBNwviA==
